{
    "version": 3,
    "terraform_version": "0.11.8",
    "serial": 6,
    "lineage": "db7f3d45-4dfd-6d5a-b77b-05aabbf21655",
    "modules": [
        {
            "path": [
                "root"
            ],
            "outputs": {
                "glennbech": {
                    "sensitive": false,
                    "type": "string",
                    "value": "https://avatars0.githubusercontent.com/u/549456?v=4}"
                }
            },
            "resources": {
                "data.github_user.glennbech": {
                    "type": "github_user",
                    "depends_on": [],
                    "primary": {
                        "id": "549456",
                        "attributes": {
                            "avatar_url": "https://avatars0.githubusercontent.com/u/549456?v=4",
                            "bio": "",
                            "blog": "glennbech.com",
                            "company": "Glenn Bech AS",
                            "email": "glenn.bech@gmail.com",
                            "followers": "17",
                            "following": "4",
                            "gpg_keys.#": "0",
                            "gravatar_id": "",
                            "id": "549456",
                            "location": "Oslo",
                            "login": "glennbech",
                            "name": "Glenn Bech",
                            "public_gists": "4",
                            "public_repos": "15",
                            "site_admin": "false",
                            "ssh_keys.#": "5",
                            "ssh_keys.0": "ssh-rsa AAAAB3NzaC1yc2EAAAABIwAAAQEA706gWKZeqxENZ/R7HDONE37pE1BanPZ+iShWEN1ZC3o25DBLsaQ1FIMJndcgff7L3JxJR4vV0HbAgLMnpGd7SQB2r/fs6rZ7U/g37fT05pvk0+76/+Ca5PM0HQqBvtKQyv6+IZeYzAiaeJR/I5cVT0PcT035aNylQdiddzbD8+SdTyyR4lvD0nIwSEny8esalWpWiaall/fju3OuQuLFHOQVfz0uYRuI2RuzPT5aLJH6LL49C3zgzUBj/M/IkS9xWabTG2mKAWmy+PRuz3xB9XvTLOcngBJbOF2ocobzlPnlnNR/48PZXXEq2bCmA21POKAtTWo393LF3cQ5tPB0ow==",
                            "ssh_keys.1": "ssh-rsa AAAAB3NzaC1yc2EAAAABIwAAAQEArDapbDVdxjbF6szqs/av5N9H9KkDVg3HoVR7NyWCGrp0iX+v+JDyDwXKwfgg1nw6bajoSL8paVcFWyw2rEG75PKnaWMZNnssH6qViXv0e1OWU9QGbs4e3/MBVLdd74p37gCuYzMtTOxJthFA165jjjWC2U050l619NL60ffRlEaAw3Uvrx9G0TC1pUl85JEmJMYDxZRQ11Msf9TVBOeRW7r2znxwxNtl2e/3IymcncTJ+QZpsu6nfpZhs50XHKqdMca9n4eS8GVOuT0duN87X+v3xyk3Ldvcq48s7l3jegcy/mrhpA4KId/XzLUfwbS9KtrJgIziPlrj554IBVbSXQ==",
                            "ssh_keys.2": "ssh-rsa AAAAB3NzaC1yc2EAAAADAQABAAABAQCtU4SGhhIo55+b9tKEoeg91dV1Mli2do1kAKE/AkmQu4JZSHxT9ASd+txWLcdFqacCkzCONL+AV2KOu118LjFPbfYFQAnF0BbKdnTj+sLFn6TLg+g5/t23E0Pvo9/d2HbyElkjArZt14KsYHL4Q3nRtBRa1yDVzAyf+5tGunk8OmDrnbfuH77WICJYwoZECYwR6/K+PlgpzZTTmm5VbAIcVsmJtGxlM/okZ+XBGjffbGPZHo2BO9lE7efQy4gZcXVMjUMtYvhAtP3hWieM8zsYf9DSgUqmjsJ43yvTOK0eRFltMLOgFkfZbW07Uy+QEOQOTGV1jo1Aeg6So0MdCaXn",
                            "ssh_keys.3": "ssh-rsa AAAAB3NzaC1yc2EAAAADAQABAAACAQCqSBAY27i1UToEy4gl4cm5Z0h35eDGVkORdBFanB3+DBLLrpFByc5C5IouBS2f/X1Jq671LW+RzK8KpY3gpalcW0fqU7hyc/gefp5UBn+rn+2PJCDZ4hvPcdelc4iqoym4HHwfTuuF/7Jlk9zTyE/Gtczx0xygGoxIWHYFINyaZgVPE5NnWY0jVf227iD7sLc8FBMj5YrIkPO7Y6sP/AGIJQkN/asfDDDgZDehGeA5WSf26ps5jA2yKsbhtD3eqRWbNz1Jff4Epx1lxPeOjM6tE9lVoAkkr4HaJw5DjbP1FyKF8rgG49VBuK2xQppz4UoHZ8qAIIu2VxTz0t2yornnBgRmprKFgS1Nm1Em0qsjF0pJM29O6q4GU/uG3nVTPlSHdqNUfCtIiXjjzD9SqcLfL+CgVKGady0QbfOStYYZBxBrnaYAZDtevVb4VK6/RAk7nVHnwKX1PrXnrwXBxehC+vt133RbQRj7IaEac1u9/+2miADJj3ujb+v8QP2Frs8f1xzvEYVztRVSlQ+Xhj4YgPKVNMtDPUhK2YyvcoGiS9AOBv7a4di7tYD2jIjzUErd2yqOLkFdFgExrdrGekH9fVVF+q19vCULRbQx0Mr5ImaksQ5x/Bcd8JjZzjeUB6bQ0I4wlWRMuSukq/4HwkkWlOfLyXLOCPBNTTBu1YEoKw==",
                            "ssh_keys.4": "ssh-rsa AAAAB3NzaC1yc2EAAAADAQABAAACAQCe2NYm1ZUR+Ou5g+cdS1KC1dfcOEiVX+O5MvTr4fBCvlQ6Pr0N0cs0OUJNEKYxUvMn5hOUKvw9HDexm+BnvoQ8AL1sNlXBXD70ZUbb1U+yeGsGveHxhYxBN0jz6tHYKNDwDnX6MnObZvdvvhBKLK/gAwU/9wwE551b1MPyGjTimFE0L94jR3Vm84AnmddHJgb3OdVTgvNtAtvEt84AY7lTDurdXavLt0lmSI66gGE0MyayJW2Hf8tg0G2oG8XkISVXwgXPMg+d48Ygr1BD6dlxyr3E5jhvG2qwrisV2gUGhRUKH+XYEsU1LQL1P6s5WrjYnwsXt9p/j5wxJ1Eu0ldCASIAd42nvWozkoq4ukaEm06x+tgGLIUE7R00x+d2YI2VAQVOxMcvh3qC9mC7oypcpLqxlDzWTCgBNqCXyPChc6yuODZiKB/UnVY1G1SXmLJZhfZFYFEf1G4TsYwL59PEjiFEuZRSuq88RfCEYjU0ySLAJzMwsyrdJDaI6C0q1N7AwW6/coW0WHd4eh5VH+ugtdBZ6uD9EQEefZHY2PwWQuD5lPIb1DVeGXB5Z/SQNv2YdPeXT8svvmelGOGwW5acTtYZB5WdtBEoWCv6PlZl+B3Lp81D2+D1/oDQhxI/Ep2bdKYrR1SdXvSNIBXV5BxCvsYFnaOiAeWCT8IM85NbRw==",
                            "username": "glennbech"
                        },
                        "meta": {},
                        "tainted": false
                    },
                    "deposed": [],
                    "provider": "provider.github"
                },
                "github_repository.api": {
                    "type": "github_repository",
                    "depends_on": [],
                    "primary": {
                        "id": "api",
                        "attributes": {
                            "allow_merge_commit": "true",
                            "allow_rebase_merge": "true",
                            "allow_squash_merge": "true",
                            "archived": "false",
                            "default_branch": "master",
                            "description": "The API",
                            "etag": "W/\"061ecec6e5ac4e3c4ffb6870b253637c\"",
                            "full_name": "PGR301-2018/api",
                            "git_clone_url": "git://github.com/PGR301-2018/api.git",
                            "has_downloads": "false",
                            "has_issues": "false",
                            "has_wiki": "false",
                            "homepage_url": "",
                            "html_url": "https://github.com/PGR301-2018/api",
                            "http_clone_url": "https://github.com/PGR301-2018/api.git",
                            "id": "api",
                            "name": "api",
                            "private": "false",
                            "ssh_clone_url": "git@github.com:PGR301-2018/api.git",
                            "svn_url": "https://github.com/PGR301-2018/api",
                            "topics.#": "0"
                        },
                        "meta": {},
                        "tainted": false
                    },
                    "deposed": [],
                    "provider": "provider.github"
                },
                "github_repository.frontend": {
                    "type": "github_repository",
                    "depends_on": [],
                    "primary": {
                        "id": "frontend",
                        "attributes": {
                            "allow_merge_commit": "true",
                            "allow_rebase_merge": "true",
                            "allow_squash_merge": "true",
                            "archived": "false",
                            "default_branch": "master",
                            "description": "Front end application",
                            "etag": "W/\"c1f6ab59a5553341ca5e3722c5b9c442\"",
                            "full_name": "PGR301-2018/frontend",
                            "git_clone_url": "git://github.com/PGR301-2018/frontend.git",
                            "has_downloads": "false",
                            "has_issues": "false",
                            "has_wiki": "false",
                            "homepage_url": "",
                            "html_url": "https://github.com/PGR301-2018/frontend",
                            "http_clone_url": "https://github.com/PGR301-2018/frontend.git",
                            "id": "frontend",
                            "name": "frontend",
                            "private": "false",
                            "ssh_clone_url": "git@github.com:PGR301-2018/frontend.git",
                            "svn_url": "https://github.com/PGR301-2018/frontend",
                            "topics.#": "0"
                        },
                        "meta": {},
                        "tainted": false
                    },
                    "deposed": [],
                    "provider": "provider.github"
                },
                "github_repository.server": {
                    "type": "github_repository",
                    "depends_on": [],
                    "primary": {
                        "id": "backend",
                        "attributes": {
                            "allow_merge_commit": "true",
                            "allow_rebase_merge": "true",
                            "allow_squash_merge": "true",
                            "archived": "false",
                            "default_branch": "master",
                            "description": "Back end application",
                            "etag": "W/\"62aa4d5bf7c173f75b4073a9c475eb7f\"",
                            "full_name": "PGR301-2018/backend",
                            "git_clone_url": "git://github.com/PGR301-2018/backend.git",
                            "has_downloads": "false",
                            "has_issues": "false",
                            "has_wiki": "false",
                            "homepage_url": "",
                            "html_url": "https://github.com/PGR301-2018/backend",
                            "http_clone_url": "https://github.com/PGR301-2018/backend.git",
                            "id": "backend",
                            "name": "backend",
                            "private": "false",
                            "ssh_clone_url": "git@github.com:PGR301-2018/backend.git",
                            "svn_url": "https://github.com/PGR301-2018/backend",
                            "topics.#": "0"
                        },
                        "meta": {},
                        "tainted": false
                    },
                    "deposed": [],
                    "provider": "provider.github"
                },
                "github_team.theclass": {
                    "type": "github_team",
                    "depends_on": [],
                    "primary": {
                        "id": "2920094",
                        "attributes": {
                            "description": "The students and teacher of the class",
                            "etag": "W/\"e7e94324654d81bdbffae768716afe6b\"",
                            "id": "2920094",
                            "ldap_dn": "",
                            "name": "pgr301class",
                            "privacy": "secret",
                            "slug": "pgr301class"
                        },
                        "meta": {},
                        "tainted": false
                    },
                    "deposed": [],
                    "provider": "provider.github"
                },
                "github_team_membership.MarkusNyland": {
                    "type": "github_team_membership",
                    "depends_on": [
                        "github_team.theclass"
                    ],
                    "primary": {
                        "id": "2920094:MarkusNyland",
                        "attributes": {
                            "etag": "W/\"a11da5cb4ed2a0b39b39e7cc0409487b\"",
                            "id": "2920094:MarkusNyland",
                            "role": "member",
                            "team_id": "2920094",
                            "username": "MarkusNyland"
                        },
                        "meta": {},
                        "tainted": false
                    },
                    "deposed": [],
                    "provider": "provider.github"
                },
                "github_team_membership.Mr-Hagen": {
                    "type": "github_team_membership",
                    "depends_on": [
                        "github_team.theclass"
                    ],
                    "primary": {
                        "id": "2920094:Mr-Hagen",
                        "attributes": {
                            "etag": "W/\"dbfba16d36d5610a0d7f1fe8f679f24f\"",
                            "id": "2920094:Mr-Hagen",
                            "role": "member",
                            "team_id": "2920094",
                            "username": "Mr-Hagen"
                        },
                        "meta": {},
                        "tainted": false
                    },
                    "deposed": [],
                    "provider": "provider.github"
                },
                "github_team_membership.Rosso": {
                    "type": "github_team_membership",
                    "depends_on": [
                        "github_team.theclass"
                    ],
                    "primary": {
                        "id": "2920094:Rosso84",
                        "attributes": {
                            "etag": "W/\"d229f633c7794a57a4ab51518713a7bb\"",
                            "id": "2920094:Rosso84",
                            "role": "member",
                            "team_id": "2920094",
                            "username": "Rosso84"
                        },
                        "meta": {},
                        "tainted": false
                    },
                    "deposed": [],
                    "provider": "provider.github"
                },
                "github_team_membership.andreasholteritter": {
                    "type": "github_team_membership",
                    "depends_on": [
                        "github_team.theclass"
                    ],
                    "primary": {
                        "id": "2920094:andreasholteritter",
                        "attributes": {
                            "etag": "W/\"8a00594083da1d2d429368035bec0c58\"",
                            "id": "2920094:andreasholteritter",
                            "role": "member",
                            "team_id": "2920094",
                            "username": "andreasholteritter"
                        },
                        "meta": {},
                        "tainted": false
                    },
                    "deposed": [],
                    "provider": "provider.github"
                },
                "github_team_membership.christianthorby": {
                    "type": "github_team_membership",
                    "depends_on": [
                        "github_team.theclass"
                    ],
                    "primary": {
                        "id": "2920094:christianthorby",
                        "attributes": {
                            "etag": "W/\"b3726b273d06da6e27de34e5ef679c9e\"",
                            "id": "2920094:christianthorby",
                            "role": "member",
                            "team_id": "2920094",
                            "username": "ChristianThorby"
                        },
                        "meta": {},
                        "tainted": false
                    },
                    "deposed": [],
                    "provider": "provider.github"
                },
                "github_team_membership.ellerish": {
                    "type": "github_team_membership",
                    "depends_on": [
                        "github_team.theclass"
                    ],
                    "primary": {
                        "id": "2920094:ellerish",
                        "attributes": {
                            "etag": "W/\"b70466429a6dedcf292f2902cf57ee3c\"",
                            "id": "2920094:ellerish",
                            "role": "member",
                            "team_id": "2920094",
                            "username": "ellerish"
                        },
                        "meta": {},
                        "tainted": false
                    },
                    "deposed": [],
                    "provider": "provider.github"
                },
                "github_team_membership.gabtho15": {
                    "type": "github_team_membership",
                    "depends_on": [
                        "github_team.theclass"
                    ],
                    "primary": {
                        "id": "2920094:gabtho15",
                        "attributes": {
                            "etag": "W/\"4adcb42b8f54265405fafcb9e32b95fa\"",
                            "id": "2920094:gabtho15",
                            "role": "member",
                            "team_id": "2920094",
                            "username": "gabtho15"
                        },
                        "meta": {},
                        "tainted": false
                    },
                    "deposed": [],
                    "provider": "provider.github"
                },
                "github_team_membership.gardos": {
                    "type": "github_team_membership",
                    "depends_on": [
                        "github_team.theclass"
                    ],
                    "primary": {
                        "id": "2920094:gardos",
                        "attributes": {
                            "etag": "W/\"f9faa1fcf10dbbd08d567ad2c56778cd\"",
                            "id": "2920094:gardos",
                            "role": "member",
                            "team_id": "2920094",
                            "username": "GardOS"
                        },
                        "meta": {},
                        "tainted": false
                    },
                    "deposed": [],
                    "provider": "provider.github"
                },
                "github_team_membership.glennbech": {
                    "type": "github_team_membership",
                    "depends_on": [
                        "github_team.theclass"
                    ],
                    "primary": {
                        "id": "2920094:glennbech",
                        "attributes": {
                            "etag": "W/\"eaae0bf2b57c5211c4b81d8584654c8b\"",
                            "id": "2920094:glennbech",
                            "role": "member",
                            "team_id": "2920094",
                            "username": "glennbech"
                        },
                        "meta": {},
                        "tainted": false
                    },
                    "deposed": [],
                    "provider": "provider.github"
                },
                "github_team_membership.husmas15": {
                    "type": "github_team_membership",
                    "depends_on": [
                        "github_team.theclass"
                    ],
                    "primary": {
                        "id": "2920094:husmas15",
                        "attributes": {
                            "etag": "W/\"697ba5cdd025e433f1795aa528b35c1e\"",
                            "id": "2920094:husmas15",
                            "role": "member",
                            "team_id": "2920094",
                            "username": "husmas15"
                        },
                        "meta": {},
                        "tainted": false
                    },
                    "deposed": [],
                    "provider": "provider.github"
                },
                "github_team_membership.joakimej": {
                    "type": "github_team_membership",
                    "depends_on": [
                        "github_team.theclass"
                    ],
                    "primary": {
                        "id": "2920094:joakimej",
                        "attributes": {
                            "etag": "W/\"17d84cc9b6894e6164695c79d3584fb8\"",
                            "id": "2920094:joakimej",
                            "role": "member",
                            "team_id": "2920094",
                            "username": "JoakimEJ"
                        },
                        "meta": {},
                        "tainted": false
                    },
                    "deposed": [],
                    "provider": "provider.github"
                },
                "github_team_membership.kleppa": {
                    "type": "github_team_membership",
                    "depends_on": [
                        "github_team.theclass"
                    ],
                    "primary": {
                        "id": "2920094:kleppa",
                        "attributes": {
                            "etag": "W/\"966557d0db2cb61791f415d37a711c37\"",
                            "id": "2920094:kleppa",
                            "role": "member",
                            "team_id": "2920094",
                            "username": "Kleppa"
                        },
                        "meta": {},
                        "tainted": false
                    },
                    "deposed": [],
                    "provider": "provider.github"
                },
                "github_team_membership.kveola13": {
                    "type": "github_team_membership",
                    "depends_on": [
                        "github_team.theclass"
                    ],
                    "primary": {
                        "id": "2920094:kveola13",
                        "attributes": {
                            "etag": "W/\"4486f7535cbe820da0d4f27750562d5c\"",
                            "id": "2920094:kveola13",
                            "role": "member",
                            "team_id": "2920094",
                            "username": "kveola13"
                        },
                        "meta": {},
                        "tainted": false
                    },
                    "deposed": [],
                    "provider": "provider.github"
                },
                "github_team_membership.larstobi": {
                    "type": "github_team_membership",
                    "depends_on": [
                        "github_team.theclass"
                    ],
                    "primary": {
                        "id": "2920094:larstobi",
                        "attributes": {
                            "etag": "W/\"ed168bcbcd0d05dcaffab33588b2ee7f\"",
                            "id": "2920094:larstobi",
                            "role": "member",
                            "team_id": "2920094",
                            "username": "larstobi"
                        },
                        "meta": {},
                        "tainted": false
                    },
                    "deposed": [],
                    "provider": "provider.github"
                },
                "github_team_membership.minimarker": {
                    "type": "github_team_membership",
                    "depends_on": [
                        "github_team.theclass"
                    ],
                    "primary": {
                        "id": "2920094:minimarker",
                        "attributes": {
                            "etag": "W/\"80168921a64a3dfd136dcc1bce93de1d\"",
                            "id": "2920094:minimarker",
                            "role": "member",
                            "team_id": "2920094",
                            "username": "MiniMarker"
                        },
                        "meta": {},
                        "tainted": false
                    },
                    "deposed": [],
                    "provider": "provider.github"
                },
                "github_team_membership.perness": {
                    "type": "github_team_membership",
                    "depends_on": [
                        "github_team.theclass"
                    ],
                    "primary": {
                        "id": "2920094:perness",
                        "attributes": {
                            "etag": "W/\"82e703308b00ca4d848cb23d2d9fa44c\"",
                            "id": "2920094:perness",
                            "role": "member",
                            "team_id": "2920094",
                            "username": "perness"
                        },
                        "meta": {},
                        "tainted": false
                    },
                    "deposed": [],
                    "provider": "provider.github"
                },
                "github_team_membership.synend16": {
                    "type": "github_team_membership",
                    "depends_on": [
                        "github_team.theclass"
                    ],
                    "primary": {
                        "id": "2920094:synend16",
                        "attributes": {
                            "etag": "W/\"18d1c12e8d17d0c9ab6b70305a5a2a7c\"",
                            "id": "2920094:synend16",
                            "role": "member",
                            "team_id": "2920094",
                            "username": "synend16"
                        },
                        "meta": {},
                        "tainted": false
                    },
                    "deposed": [],
                    "provider": "provider.github"
                }
            },
            "depends_on": []
        }
    ]
}
